
Microsoft Visual Studio Solution File, Format Version 12.00
# Visual Studio Version 17
VisualStudioVersion = 17.7.34003.232
MinimumVisualStudioVersion = 10.0.40219.1
Project("{9A19103F-16F7-4668-BE54-9A1E7A4F7556}") = "AspNetMvcGrud.Web", "AspNetMvcGrud.Web\AspNetMvcGrud.Web.csproj", "{FF24B546-C171-4A2E-A5FB-3140E2C174EC}"
EndProject
Project("{9A19103F-16F7-4668-BE54-9A1E7A4F7556}") = "AspNetMvcGrud.Domain", "AspNetMvcGrud.Domain\AspNetMvcGrud.Domain.csproj", "{25C943D4-F390-4DD7-A43C-AC17FCC58862}"
EndProject
Project("{9A19103F-16F7-4668-BE54-9A1E7A4F7556}") = "AspNetMvcGrud.DataAccessLayer", "AspNetMvcGrud.DataAccessLayer\AspNetMvcGrud.DataAccessLayer.csproj", "{7BB1AA40-CEAD-4FB0-9CFD-E4022F504B10}"
EndProject
Project("{9A19103F-16F7-4668-BE54-9A1E7A4F7556}") = "AspNetMvcGrud.Contracts", "AspNetMvcGrud.Contracts\AspNetMvcGrud.Contracts.csproj", "{FD775897-BE71-46DA-BD2F-9BED7928086E}"
EndProject
Project("{9A19103F-16F7-4668-BE54-9A1E7A4F7556}") = "AspNetMvcGrud.Repository", "AspNetMvcGrud.Repository\AspNetMvcGrud.Repository.csproj", "{45D9FF18-064D-4C85-996D-648B4FD00AD8}"
EndProject
Project("{9A19103F-16F7-4668-BE54-9A1E7A4F7556}") = "AspNetMvcGrud.Service", "AspNetMvcGrud.Service\AspNetMvcGrud.Service.csproj", "{3BE85DD0-053B-4F78-BC73-289379B201A5}"
EndProject
Project("{FAE04EC0-301F-11D3-BF4B-00C04F79EFBC}") = "AspNetMvcGrud.Validator", "AspNetMvcGrud.Validator\AspNetMvcGrud.Validator.csproj", "{15205C3E-1FA8-4E54-8FC2-018D59C4B12B}"
EndProject
Global
	GlobalSection(SolutionConfigurationPlatforms) = preSolution
		Debug|Any CPU = Debug|Any CPU
		Release|Any CPU = Release|Any CPU
	EndGlobalSection
	GlobalSection(ProjectConfigurationPlatforms) = postSolution
		{FF24B546-C171-4A2E-A5FB-3140E2C174EC}.Debug|Any CPU.ActiveCfg = Debug|Any CPU
		{FF24B546-C171-4A2E-A5FB-3140E2C174EC}.Debug|Any CPU.Build.0 = Debug|Any CPU
		{FF24B546-C171-4A2E-A5FB-3140E2C174EC}.Release|Any CPU.ActiveCfg = Release|Any CPU
		{FF24B546-C171-4A2E-A5FB-3140E2C174EC}.Release|Any CPU.Build.0 = Release|Any CPU
		{25C943D4-F390-4DD7-A43C-AC17FCC58862}.Debug|Any CPU.ActiveCfg = Debug|Any CPU
		{25C943D4-F390-4DD7-A43C-AC17FCC58862}.Debug|Any CPU.Build.0 = Debug|Any CPU
		{25C943D4-F390-4DD7-A43C-AC17FCC58862}.Release|Any CPU.ActiveCfg = Release|Any CPU
		{25C943D4-F390-4DD7-A43C-AC17FCC58862}.Release|Any CPU.Build.0 = Release|Any CPU
		{7BB1AA40-CEAD-4FB0-9CFD-E4022F504B10}.Debug|Any CPU.ActiveCfg = Debug|Any CPU
		{7BB1AA40-CEAD-4FB0-9CFD-E4022F504B10}.Debug|Any CPU.Build.0 = Debug|Any CPU
		{7BB1AA40-CEAD-4FB0-9CFD-E4022F504B10}.Release|Any CPU.ActiveCfg = Release|Any CPU
		{7BB1AA40-CEAD-4FB0-9CFD-E4022F504B10}.Release|Any CPU.Build.0 = Release|Any CPU
		{FD775897-BE71-46DA-BD2F-9BED7928086E}.Debug|Any CPU.ActiveCfg = Debug|Any CPU
		{FD775897-BE71-46DA-BD2F-9BED7928086E}.Debug|Any CPU.Build.0 = Debug|Any CPU
		{FD775897-BE71-46DA-BD2F-9BED7928086E}.Release|Any CPU.ActiveCfg = Release|Any CPU
		{FD775897-BE71-46DA-BD2F-9BED7928086E}.Release|Any CPU.Build.0 = Release|Any CPU
		{45D9FF18-064D-4C85-996D-648B4FD00AD8}.Debug|Any CPU.ActiveCfg = Debug|Any CPU
		{45D9FF18-064D-4C85-996D-648B4FD00AD8}.Debug|Any CPU.Build.0 = Debug|Any CPU
		{45D9FF18-064D-4C85-996D-648B4FD00AD8}.Release|Any CPU.ActiveCfg = Release|Any CPU
		{45D9FF18-064D-4C85-996D-648B4FD00AD8}.Release|Any CPU.Build.0 = Release|Any CPU
		{3BE85DD0-053B-4F78-BC73-289379B201A5}.Debug|Any CPU.ActiveCfg = Debug|Any CPU
		{3BE85DD0-053B-4F78-BC73-289379B201A5}.Debug|Any CPU.Build.0 = Debug|Any CPU
		{3BE85DD0-053B-4F78-BC73-289379B201A5}.Release|Any CPU.ActiveCfg = Release|Any CPU
		{3BE85DD0-053B-4F78-BC73-289379B201A5}.Release|Any CPU.Build.0 = Release|Any CPU
		{15205C3E-1FA8-4E54-8FC2-018D59C4B12B}.Debug|Any CPU.ActiveCfg = Debug|Any CPU
		{15205C3E-1FA8-4E54-8FC2-018D59C4B12B}.Debug|Any CPU.Build.0 = Debug|Any CPU
		{15205C3E-1FA8-4E54-8FC2-018D59C4B12B}.Release|Any CPU.ActiveCfg = Release|Any CPU
		{15205C3E-1FA8-4E54-8FC2-018D59C4B12B}.Release|Any CPU.Build.0 = Release|Any CPU
	EndGlobalSection
	GlobalSection(SolutionProperties) = preSolution
		HideSolutionNode = FALSE
	EndGlobalSection
	GlobalSection(ExtensibilityGlobals) = postSolution
		SolutionGuid = {576A9CD4-70B3-47F2-BB00-B4EC661307A2}
	EndGlobalSection
EndGlobal
